
Microsoft Visual Studio Solution File, Format Version 12.00
# Visual Studio Version 16
VisualStudioVersion = 16.0.31624.102
MinimumVisualStudioVersion = 10.0.40219.1
Project("{FAE04EC0-301F-11D3-BF4B-00C04F79EFBC}") = "tocak", "tocak\tocak.csproj", "{2CB4DCDA-865C-46CC-BD2F-B02240BCA0B3}"
EndProject
Global
	GlobalSection(SolutionConfigurationPlatforms) = preSolution
		Debug|Any CPU = Debug|Any CPU
		Release|Any CPU = Release|Any CPU
	EndGlobalSection
	GlobalSection(ProjectConfigurationPlatforms) = postSolution
		{2CB4DCDA-865C-46CC-BD2F-B02240BCA0B3}.Debug|Any CPU.ActiveCfg = Debug|Any CPU
		{2CB4DCDA-865C-46CC-BD2F-B02240BCA0B3}.Debug|Any CPU.Build.0 = Debug|Any CPU
		{2CB4DCDA-865C-46CC-BD2F-B02240BCA0B3}.Release|Any CPU.ActiveCfg = Release|Any CPU
		{2CB4DCDA-865C-46CC-BD2F-B02240BCA0B3}.Release|Any CPU.Build.0 = Release|Any CPU
	EndGlobalSection
	GlobalSection(SolutionProperties) = preSolution
		HideSolutionNode = FALSE
	EndGlobalSection
	GlobalSection(ExtensibilityGlobals) = postSolution
		SolutionGuid = {307E50DA-0ECC-4D7E-97BF-9B09D9BD0909}
	EndGlobalSection
EndGlobal
